PODS:
  - Alamofire (4.4.0)
  - JASON (3.1)
  - JSQCoreDataKit (6.0.2)
  - ObjectMapper (2.2.5)
  - PKHUD (4.2.0)
  - RxAlamofire (3.0.2):
    - RxAlamofire/Core (= 3.0.2)
  - RxAlamofire/Core (3.0.2):
    - Alamofire (~> 4.0)
    - RxSwift (~> 3.0)
  - RxCocoa (3.3.1):
    - RxSwift (~> 3.3)
  - RxCoreData (0.3.1):
    - RxCocoa (~> 3.0)
    - RxSwift (~> 3.0)
  - RxDataSources (1.0.3):
    - RxCocoa (~> 3.0)
    - RxSwift (~> 3.0)
  - RxGesture (1.0.0):
    - RxCocoa (~> 3.0)
    - RxSwift (~> 3.0)
  - RxMKMapView (3.0.0):
    - RxCocoa (~> 3.0)
    - RxSwift (~> 3.0)
  - RxSwift (3.3.1)

DEPENDENCIES:
  - Alamofire (from `https://github.com/Alamofire/Alamofire`)
  - JASON (from `https://github.com/delba/JASON`)
  - JSQCoreDataKit (from `https://github.com/jessesquires/JSQCoreDataKit`)
  - ObjectMapper (from `https://github.com/Hearst-DD/ObjectMapper`)
  - PKHUD (from `https://github.com/pkluz/PKHUD`)
  - RxAlamofire (from `https://github.com/RxSwiftCommunity/RxAlamofire`)
  - RxCoreData (from `https://github.com/RxSwiftCommunity/RxCoreData`)
  - RxDataSources (from `https://github.com/RxSwiftCommunity/RxDataSources`)
  - RxGesture (from `https://github.com/RxSwiftCommunity/RxGesture`)
  - RxMKMapView (from `https://github.com/RxSwiftCommunity/RxMKMapView`)
  - RxSwift (from `https://github.com/ReactiveX/RxSwift`)

EXTERNAL SOURCES:
  Alamofire:
    :git: https://github.com/Alamofire/Alamofire
  JASON:
    :git: https://github.com/delba/JASON
  JSQCoreDataKit:
    :git: https://github.com/jessesquires/JSQCoreDataKit
  ObjectMapper:
    :git: https://github.com/Hearst-DD/ObjectMapper
  PKHUD:
    :git: https://github.com/pkluz/PKHUD
  RxAlamofire:
    :git: https://github.com/RxSwiftCommunity/RxAlamofire
  RxCoreData:
    :git: https://github.com/RxSwiftCommunity/RxCoreData
  RxDataSources:
    :git: https://github.com/RxSwiftCommunity/RxDataSources
  RxGesture:
    :git: https://github.com/RxSwiftCommunity/RxGesture
  RxMKMapView:
    :git: https://github.com/RxSwiftCommunity/RxMKMapView
  RxSwift:
    :git: https://github.com/ReactiveX/RxSwift

CHECKOUT OPTIONS:
  Alamofire:
    :commit: b03b43cc381ec02eb9855085427186ef89055eef
    :git: https://github.com/Alamofire/Alamofire
  JASON:
    :commit: 30f7769ca3af81371e63e0ec0fc22e002b225038
    :git: https://github.com/delba/JASON
  JSQCoreDataKit:
    :commit: f3be3f6f2beccac49501ac7ea62d0f8667994a17
    :git: https://github.com/jessesquires/JSQCoreDataKit
  ObjectMapper:
    :commit: 94199e3573ba9b1d6051c07cf3628163a823a164
    :git: https://github.com/Hearst-DD/ObjectMapper
  PKHUD:
    :commit: 8fef55f1d2473010fb04541e52bc99653616928b
    :git: https://github.com/pkluz/PKHUD
  RxAlamofire:
    :commit: e73e2e1bc1d6a5adc9326c4bdf7fd6833852bd73
    :git: https://github.com/RxSwiftCommunity/RxAlamofire
  RxCoreData:
    :commit: 42b0fb95727bc53ac8253aa8ff8a9fc2fd16eedf
    :git: https://github.com/RxSwiftCommunity/RxCoreData
  RxDataSources:
    :commit: ff7c932b0cdce9b9b2b585f1483452c28ee885a2
    :git: https://github.com/RxSwiftCommunity/RxDataSources
  RxGesture:
    :commit: 96e1e7a2fe606663d347760508c09717bf11d660
    :git: https://github.com/RxSwiftCommunity/RxGesture
  RxMKMapView:
    :commit: a741c2b8fcfda632256dc7f6e5ba0322c4921f92
    :git: https://github.com/RxSwiftCommunity/RxMKMapView
  RxSwift:
    :commit: 068b4de87a58d637179709c41929cd53881b1c09
    :git: https://github.com/ReactiveX/RxSwift

SPEC CHECKSUMS:
  Alamofire: 4c2bf7fa03c4a626163606de0a417568c270575e
  JASON: de74af49c63481a72e143bc91a9e22571828e1da
  JSQCoreDataKit: 79d6f6ca6f7b687795c74da1317e8a9bd168795b
  ObjectMapper: d4cd68f462d89a878a1c2c480f389ec5f9a7ea04
  PKHUD: c7e8c1595d687b41a10aac59589c357bfcb7df61
  RxAlamofire: 2f17cab1668dae4e4acecd7af48cf4533af47c43
  RxCocoa: 7dcb7a1860fc9cd0e23dae67ab105fc2916670b6
  RxCoreData: 02ec48ad9fce7460ff3f09e60dfe14434bdff5c2
  RxDataSources: 174ab36006db78c8fdde3e5c12e344c24504c550
  RxGesture: ed705c79c5b81de98e627423171830f5c0311398
  RxMKMapView: f8cc11dd545b30e681cb9461a5be8b1f2c26c8f3
  RxSwift: 06f435ab0a2703829c726f089e7fa8a0dccdf12c

PODFILE CHECKSUM: e64860e9a4347d753b6b95a259581265b6eac60f

COCOAPODS: 1.2.0
