// !$*UTF8*$!
{
	archiveVersion = 1;
	classes = {
	};
	objectVersion = 46;
	objects = {

/* Begin PBXBuildFile section */
		AC80F8CB1D070FAD004CF58A /* AppDelegate.swift in Sources */ = {isa = PBXBuildFile; fileRef = AC80F8CA1D070FAD004CF58A /* AppDelegate.swift */; };
		AC80F8D01D070FAD004CF58A /* Main.storyboard in Resources */ = {isa = PBXBuildFile; fileRef = AC80F8CE1D070FAD004CF58A /* Main.storyboard */; };
		AC80F8D21D070FAD004CF58A /* Assets.xcassets in Resources */ = {isa = PBXBuildFile; fileRef = AC80F8D11D070FAD004CF58A /* Assets.xcassets */; };
		AC80F8D51D070FAD004CF58A /* LaunchScreen.storyboard in Resources */ = {isa = PBXBuildFile; fileRef = AC80F8D31D070FAD004CF58A /* LaunchScreen.storyboard */; };
		AC80F8E01D070FAD004CF58A /* PinPlaceTests.swift in Sources */ = {isa = PBXBuildFile; fileRef = AC80F8DF1D070FAD004CF58A /* PinPlaceTests.swift */; };
		AC80F8EB1D070FAD004CF58A /* PinPlaceUITests.swift in Sources */ = {isa = PBXBuildFile; fileRef = AC80F8EA1D070FAD004CF58A /* PinPlaceUITests.swift */; };
		AC80F8FE1D071A1D004CF58A /* PinPlace.xcdatamodeld in Sources */ = {isa = PBXBuildFile; fileRef = AC80F8FC1D071A1D004CF58A /* PinPlace.xcdatamodeld */; };
		AC80F9031D071B87004CF58A /* Place.swift in Sources */ = {isa = PBXBuildFile; fileRef = AC80F9001D071B87004CF58A /* Place.swift */; };
		AC80F9041D071B87004CF58A /* _Place.swift in Sources */ = {isa = PBXBuildFile; fileRef = AC80F9021D071B87004CF58A /* _Place.swift */; };
		AC80F9061D0735D3004CF58A /* PlacesMapViewController.swift in Sources */ = {isa = PBXBuildFile; fileRef = AC80F9051D0735D3004CF58A /* PlacesMapViewController.swift */; };
		AC80F9081D07369C004CF58A /* CoreData.framework in Frameworks */ = {isa = PBXBuildFile; fileRef = AC80F9071D07369C004CF58A /* CoreData.framework */; };
		AC80F90A1D0736A3004CF58A /* CoreMotion.framework in Frameworks */ = {isa = PBXBuildFile; fileRef = AC80F9091D0736A3004CF58A /* CoreMotion.framework */; };
		AC80F90C1D0736B0004CF58A /* MapKit.framework in Frameworks */ = {isa = PBXBuildFile; fileRef = AC80F90B1D0736B0004CF58A /* MapKit.framework */; };
		AC80F90E1D074343004CF58A /* PlacesMapViewModel.swift in Sources */ = {isa = PBXBuildFile; fileRef = AC80F90D1D074343004CF58A /* PlacesMapViewModel.swift */; };
		AC80F9121D08103C004CF58A /* PlacesDataController.swift in Sources */ = {isa = PBXBuildFile; fileRef = AC80F9111D08103C004CF58A /* PlacesDataController.swift */; };
		DDC6E90654B17E7E86BA5332 /* Pods_PinPlace.framework in Frameworks */ = {isa = PBXBuildFile; fileRef = EDC661CFEA15F8B4949437EA /* Pods_PinPlace.framework */; };
		DEF1208402B6B83085F8B266 /* Pods_PinPlaceTests.framework in Frameworks */ = {isa = PBXBuildFile; fileRef = FDB33BA77A6FAE533E81AD46 /* Pods_PinPlaceTests.framework */; };
		FAB87580E64121ACCC8F0110 /* Pods_PinPlaceUITests.framework in Frameworks */ = {isa = PBXBuildFile; fileRef = 1A3EF14DEFF0944586BB2480 /* Pods_PinPlaceUITests.framework */; };
/* End PBXBuildFile section */

/* Begin PBXContainerItemProxy section */
		AC80F8DC1D070FAD004CF58A /* PBXContainerItemProxy */ = {
			isa = PBXContainerItemProxy;
			containerPortal = AC80F8BF1D070FAD004CF58A /* Project object */;
			proxyType = 1;
			remoteGlobalIDString = AC80F8C61D070FAD004CF58A;
			remoteInfo = PinPlace;
		};
		AC80F8E71D070FAD004CF58A /* PBXContainerItemProxy */ = {
			isa = PBXContainerItemProxy;
			containerPortal = AC80F8BF1D070FAD004CF58A /* Project object */;
			proxyType = 1;
			remoteGlobalIDString = AC80F8C61D070FAD004CF58A;
			remoteInfo = PinPlace;
		};
/* End PBXContainerItemProxy section */

/* Begin PBXFileReference section */
		18CB7FF14A8AE9B9D21BA703 /* Pods-PinPlaceTests.debug.xcconfig */ = {isa = PBXFileReference; includeInIndex = 1; lastKnownFileType = text.xcconfig; name = "Pods-PinPlaceTests.debug.xcconfig"; path = "Pods/Target Support Files/Pods-PinPlaceTests/Pods-PinPlaceTests.debug.xcconfig"; sourceTree = "<group>"; };
		1A3EF14DEFF0944586BB2480 /* Pods_PinPlaceUITests.framework */ = {isa = PBXFileReference; explicitFileType = wrapper.framework; includeInIndex = 0; path = Pods_PinPlaceUITests.framework; sourceTree = BUILT_PRODUCTS_DIR; };
		3F678259541D4605B8EA0B34 /* Pods-PinPlace.debug.xcconfig */ = {isa = PBXFileReference; includeInIndex = 1; lastKnownFileType = text.xcconfig; name = "Pods-PinPlace.debug.xcconfig"; path = "Pods/Target Support Files/Pods-PinPlace/Pods-PinPlace.debug.xcconfig"; sourceTree = "<group>"; };
		6F2507D1E84374F1E0DC5B99 /* Pods-PinPlaceTests.release.xcconfig */ = {isa = PBXFileReference; includeInIndex = 1; lastKnownFileType = text.xcconfig; name = "Pods-PinPlaceTests.release.xcconfig"; path = "Pods/Target Support Files/Pods-PinPlaceTests/Pods-PinPlaceTests.release.xcconfig"; sourceTree = "<group>"; };
		8EF5ED12A2697CC255A9FA6D /* Pods-PinPlaceUITests.release.xcconfig */ = {isa = PBXFileReference; includeInIndex = 1; lastKnownFileType = text.xcconfig; name = "Pods-PinPlaceUITests.release.xcconfig"; path = "Pods/Target Support Files/Pods-PinPlaceUITests/Pods-PinPlaceUITests.release.xcconfig"; sourceTree = "<group>"; };
		AC80F8C71D070FAD004CF58A /* PinPlace.app */ = {isa = PBXFileReference; explicitFileType = wrapper.application; includeInIndex = 0; path = PinPlace.app; sourceTree = BUILT_PRODUCTS_DIR; };
		AC80F8CA1D070FAD004CF58A /* AppDelegate.swift */ = {isa = PBXFileReference; lastKnownFileType = sourcecode.swift; path = AppDelegate.swift; sourceTree = "<group>"; };
		AC80F8CF1D070FAD004CF58A /* Base */ = {isa = PBXFileReference; lastKnownFileType = file.storyboard; name = Base; path = Base.lproj/Main.storyboard; sourceTree = "<group>"; };
		AC80F8D11D070FAD004CF58A /* Assets.xcassets */ = {isa = PBXFileReference; lastKnownFileType = folder.assetcatalog; path = Assets.xcassets; sourceTree = "<group>"; };
		AC80F8D41D070FAD004CF58A /* Base */ = {isa = PBXFileReference; lastKnownFileType = file.storyboard; name = Base; path = Base.lproj/LaunchScreen.storyboard; sourceTree = "<group>"; };
		AC80F8D61D070FAD004CF58A /* Info.plist */ = {isa = PBXFileReference; lastKnownFileType = text.plist.xml; path = Info.plist; sourceTree = "<group>"; };
		AC80F8DB1D070FAD004CF58A /* PinPlaceTests.xctest */ = {isa = PBXFileReference; explicitFileType = wrapper.cfbundle; includeInIndex = 0; path = PinPlaceTests.xctest; sourceTree = BUILT_PRODUCTS_DIR; };
		AC80F8DF1D070FAD004CF58A /* PinPlaceTests.swift */ = {isa = PBXFileReference; lastKnownFileType = sourcecode.swift; path = PinPlaceTests.swift; sourceTree = "<group>"; };
		AC80F8E11D070FAD004CF58A /* Info.plist */ = {isa = PBXFileReference; lastKnownFileType = text.plist.xml; path = Info.plist; sourceTree = "<group>"; };
		AC80F8E61D070FAD004CF58A /* PinPlaceUITests.xctest */ = {isa = PBXFileReference; explicitFileType = wrapper.cfbundle; includeInIndex = 0; path = PinPlaceUITests.xctest; sourceTree = BUILT_PRODUCTS_DIR; };
		AC80F8EA1D070FAD004CF58A /* PinPlaceUITests.swift */ = {isa = PBXFileReference; lastKnownFileType = sourcecode.swift; path = PinPlaceUITests.swift; sourceTree = "<group>"; };
		AC80F8EC1D070FAD004CF58A /* Info.plist */ = {isa = PBXFileReference; lastKnownFileType = text.plist.xml; path = Info.plist; sourceTree = "<group>"; };
		AC80F8FD1D071A1D004CF58A /* PinPlace.xcdatamodel */ = {isa = PBXFileReference; lastKnownFileType = wrapper.xcdatamodel; path = PinPlace.xcdatamodel; sourceTree = "<group>"; };
		AC80F9001D071B87004CF58A /* Place.swift */ = {isa = PBXFileReference; fileEncoding = 4; lastKnownFileType = sourcecode.swift; path = Place.swift; sourceTree = "<group>"; };
		AC80F9021D071B87004CF58A /* _Place.swift */ = {isa = PBXFileReference; fileEncoding = 4; lastKnownFileType = sourcecode.swift; path = _Place.swift; sourceTree = "<group>"; };
		AC80F9051D0735D3004CF58A /* PlacesMapViewController.swift */ = {isa = PBXFileReference; fileEncoding = 4; lastKnownFileType = sourcecode.swift; path = PlacesMapViewController.swift; sourceTree = "<group>"; };
		AC80F9071D07369C004CF58A /* CoreData.framework */ = {isa = PBXFileReference; lastKnownFileType = wrapper.framework; name = CoreData.framework; path = System/Library/Frameworks/CoreData.framework; sourceTree = SDKROOT; };
		AC80F9091D0736A3004CF58A /* CoreMotion.framework */ = {isa = PBXFileReference; lastKnownFileType = wrapper.framework; name = CoreMotion.framework; path = System/Library/Frameworks/CoreMotion.framework; sourceTree = SDKROOT; };
		AC80F90B1D0736B0004CF58A /* MapKit.framework */ = {isa = PBXFileReference; lastKnownFileType = wrapper.framework; name = MapKit.framework; path = System/Library/Frameworks/MapKit.framework; sourceTree = SDKROOT; };
		AC80F90D1D074343004CF58A /* PlacesMapViewModel.swift */ = {isa = PBXFileReference; fileEncoding = 4; lastKnownFileType = sourcecode.swift; path = PlacesMapViewModel.swift; sourceTree = "<group>"; };
		AC80F9111D08103C004CF58A /* PlacesDataController.swift */ = {isa = PBXFileReference; fileEncoding = 4; lastKnownFileType = sourcecode.swift; path = PlacesDataController.swift; sourceTree = "<group>"; };
		C06226618C0DEDFDAE85A811 /* Pods-PinPlaceUITests.debug.xcconfig */ = {isa = PBXFileReference; includeInIndex = 1; lastKnownFileType = text.xcconfig; name = "Pods-PinPlaceUITests.debug.xcconfig"; path = "Pods/Target Support Files/Pods-PinPlaceUITests/Pods-PinPlaceUITests.debug.xcconfig"; sourceTree = "<group>"; };
		C5FF54FC18F352523C071B7B /* Pods-PinPlace.release.xcconfig */ = {isa = PBXFileReference; includeInIndex = 1; lastKnownFileType = text.xcconfig; name = "Pods-PinPlace.release.xcconfig"; path = "Pods/Target Support Files/Pods-PinPlace/Pods-PinPlace.release.xcconfig"; sourceTree = "<group>"; };
		EDC661CFEA15F8B4949437EA /* Pods_PinPlace.framework */ = {isa = PBXFileReference; explicitFileType = wrapper.framework; includeInIndex = 0; path = Pods_PinPlace.framework; sourceTree = BUILT_PRODUCTS_DIR; };
		FDB33BA77A6FAE533E81AD46 /* Pods_PinPlaceTests.framework */ = {isa = PBXFileReference; explicitFileType = wrapper.framework; includeInIndex = 0; path = Pods_PinPlaceTests.framework; sourceTree = BUILT_PRODUCTS_DIR; };
/* End PBXFileReference section */

/* Begin PBXFrameworksBuildPhase section */
		AC80F8C41D070FAD004CF58A /* Frameworks */ = {
			isa = PBXFrameworksBuildPhase;
			buildActionMask = 2147483647;
			files = (
				AC80F90C1D0736B0004CF58A /* MapKit.framework in Frameworks */,
				AC80F90A1D0736A3004CF58A /* CoreMotion.framework in Frameworks */,
				AC80F9081D07369C004CF58A /* CoreData.framework in Frameworks */,
				DDC6E90654B17E7E86BA5332 /* Pods_PinPlace.framework in Frameworks */,
			);
			runOnlyForDeploymentPostprocessing = 0;
		};
		AC80F8D81D070FAD004CF58A /* Frameworks */ = {
			isa = PBXFrameworksBuildPhase;
			buildActionMask = 2147483647;
			files = (
				DEF1208402B6B83085F8B266 /* Pods_PinPlaceTests.framework in Frameworks */,
			);
			runOnlyForDeploymentPostprocessing = 0;
		};
		AC80F8E31D070FAD004CF58A /* Frameworks */ = {
			isa = PBXFrameworksBuildPhase;
			buildActionMask = 2147483647;
			files = (
				FAB87580E64121ACCC8F0110 /* Pods_PinPlaceUITests.framework in Frameworks */,
			);
			runOnlyForDeploymentPostprocessing = 0;
		};
/* End PBXFrameworksBuildPhase section */

/* Begin PBXGroup section */
		102880853DE70AB49F006A42 /* Pods */ = {
			isa = PBXGroup;
			children = (
				3F678259541D4605B8EA0B34 /* Pods-PinPlace.debug.xcconfig */,
				C5FF54FC18F352523C071B7B /* Pods-PinPlace.release.xcconfig */,
				18CB7FF14A8AE9B9D21BA703 /* Pods-PinPlaceTests.debug.xcconfig */,
				6F2507D1E84374F1E0DC5B99 /* Pods-PinPlaceTests.release.xcconfig */,
				C06226618C0DEDFDAE85A811 /* Pods-PinPlaceUITests.debug.xcconfig */,
				8EF5ED12A2697CC255A9FA6D /* Pods-PinPlaceUITests.release.xcconfig */,
			);
			name = Pods;
			sourceTree = "<group>";
		};
		265E4025A03D207EF1A74CB9 /* Frameworks */ = {
			isa = PBXGroup;
			children = (
				AC80F90B1D0736B0004CF58A /* MapKit.framework */,
				AC80F9091D0736A3004CF58A /* CoreMotion.framework */,
				AC80F9071D07369C004CF58A /* CoreData.framework */,
				EDC661CFEA15F8B4949437EA /* Pods_PinPlace.framework */,
				FDB33BA77A6FAE533E81AD46 /* Pods_PinPlaceTests.framework */,
				1A3EF14DEFF0944586BB2480 /* Pods_PinPlaceUITests.framework */,
			);
			name = Frameworks;
			sourceTree = "<group>";
		};
		AC80F8BE1D070FAD004CF58A = {
			isa = PBXGroup;
			children = (
				AC80F8C91D070FAD004CF58A /* PinPlace */,
				AC80F8DE1D070FAD004CF58A /* PinPlaceTests */,
				AC80F8E91D070FAD004CF58A /* PinPlaceUITests */,
				AC80F8C81D070FAD004CF58A /* Products */,
				102880853DE70AB49F006A42 /* Pods */,
				265E4025A03D207EF1A74CB9 /* Frameworks */,
			);
			sourceTree = "<group>";
		};
		AC80F8C81D070FAD004CF58A /* Products */ = {
			isa = PBXGroup;
			children = (
				AC80F8C71D070FAD004CF58A /* PinPlace.app */,
				AC80F8DB1D070FAD004CF58A /* PinPlaceTests.xctest */,
				AC80F8E61D070FAD004CF58A /* PinPlaceUITests.xctest */,
			);
			name = Products;
			sourceTree = "<group>";
		};
		AC80F8C91D070FAD004CF58A /* PinPlace */ = {
			isa = PBXGroup;
			children = (
				AC80F90F1D08100B004CF58A /* Logic */,
				AC80F8FB1D0717E9004CF58A /* ViewModel */,
				AC80F8FA1D0717E1004CF58A /* View */,
				AC80F8F91D0717D7004CF58A /* Model */,
				AC80F8CA1D070FAD004CF58A /* AppDelegate.swift */,
				AC80F8CE1D070FAD004CF58A /* Main.storyboard */,
				AC80F8D11D070FAD004CF58A /* Assets.xcassets */,
				AC80F8D31D070FAD004CF58A /* LaunchScreen.storyboard */,
				AC80F8D61D070FAD004CF58A /* Info.plist */,
				AC80F8FC1D071A1D004CF58A /* PinPlace.xcdatamodeld */,
			);
			path = PinPlace;
			sourceTree = "<group>";
		};
		AC80F8DE1D070FAD004CF58A /* PinPlaceTests */ = {
			isa = PBXGroup;
			children = (
				AC80F8DF1D070FAD004CF58A /* PinPlaceTests.swift */,
				AC80F8E11D070FAD004CF58A /* Info.plist */,
			);
			path = PinPlaceTests;
			sourceTree = "<group>";
		};
		AC80F8E91D070FAD004CF58A /* PinPlaceUITests */ = {
			isa = PBXGroup;
			children = (
				AC80F8EA1D070FAD004CF58A /* PinPlaceUITests.swift */,
				AC80F8EC1D070FAD004CF58A /* Info.plist */,
			);
			path = PinPlaceUITests;
			sourceTree = "<group>";
		};
		AC80F8F91D0717D7004CF58A /* Model */ = {
			isa = PBXGroup;
			children = (
				AC80F8FF1D071B87004CF58A /* Human */,
				AC80F9011D071B87004CF58A /* Machine */,
			);
			path = Model;
			sourceTree = "<group>";
		};
		AC80F8FA1D0717E1004CF58A /* View */ = {
			isa = PBXGroup;
			children = (
				AC80F9051D0735D3004CF58A /* PlacesMapViewController.swift */,
			);
			path = View;
			sourceTree = "<group>";
		};
		AC80F8FB1D0717E9004CF58A /* ViewModel */ = {
			isa = PBXGroup;
			children = (
				AC80F90D1D074343004CF58A /* PlacesMapViewModel.swift */,
			);
			path = ViewModel;
			sourceTree = "<group>";
		};
		AC80F8FF1D071B87004CF58A /* Human */ = {
			isa = PBXGroup;
			children = (
				AC80F9001D071B87004CF58A /* Place.swift */,
			);
			path = Human;
			sourceTree = "<group>";
		};
		AC80F9011D071B87004CF58A /* Machine */ = {
			isa = PBXGroup;
			children = (
				AC80F9021D071B87004CF58A /* _Place.swift */,
			);
			path = Machine;
			sourceTree = "<group>";
		};
		AC80F90F1D08100B004CF58A /* Logic */ = {
			isa = PBXGroup;
			children = (
				AC80F9101D08101C004CF58A /* DAO */,
			);
			path = Logic;
			sourceTree = "<group>";
		};
		AC80F9101D08101C004CF58A /* DAO */ = {
			isa = PBXGroup;
			children = (
				AC80F9111D08103C004CF58A /* PlacesDataController.swift */,
			);
			path = DAO;
			sourceTree = "<group>";
		};
/* End PBXGroup section */

/* Begin PBXNativeTarget section */
		AC80F8C61D070FAD004CF58A /* PinPlace */ = {
			isa = PBXNativeTarget;
			buildConfigurationList = AC80F8EF1D070FAD004CF58A /* Build configuration list for PBXNativeTarget "PinPlace" */;
			buildPhases = (
				9438F3EDF278D5E0DB4B9CE8 /* [CP] Check Pods Manifest.lock */,
				AC80F8C31D070FAD004CF58A /* Sources */,
				AC80F8C41D070FAD004CF58A /* Frameworks */,
				AC80F8C51D070FAD004CF58A /* Resources */,
				9302E440F1B07305DE8909B2 /* [CP] Embed Pods Frameworks */,
				63DEC58D83A812DC913886E1 /* [CP] Copy Pods Resources */,
			);
			buildRules = (
			);
			dependencies = (
			);
			name = PinPlace;
			productName = PinPlace;
			productReference = AC80F8C71D070FAD004CF58A /* PinPlace.app */;
			productType = "com.apple.product-type.application";
		};
		AC80F8DA1D070FAD004CF58A /* PinPlaceTests */ = {
			isa = PBXNativeTarget;
			buildConfigurationList = AC80F8F21D070FAD004CF58A /* Build configuration list for PBXNativeTarget "PinPlaceTests" */;
			buildPhases = (
				5E20103577BA2760209D6DB2 /* [CP] Check Pods Manifest.lock */,
				AC80F8D71D070FAD004CF58A /* Sources */,
				AC80F8D81D070FAD004CF58A /* Frameworks */,
				AC80F8D91D070FAD004CF58A /* Resources */,
				F94BD3590A85636A7A4B73D7 /* [CP] Embed Pods Frameworks */,
				48C2A8E7E9C5DD7C94D8F8B0 /* [CP] Copy Pods Resources */,
			);
			buildRules = (
			);
			dependencies = (
				AC80F8DD1D070FAD004CF58A /* PBXTargetDependency */,
			);
			name = PinPlaceTests;
			productName = PinPlaceTests;
			productReference = AC80F8DB1D070FAD004CF58A /* PinPlaceTests.xctest */;
			productType = "com.apple.product-type.bundle.unit-test";
		};
		AC80F8E51D070FAD004CF58A /* PinPlaceUITests */ = {
			isa = PBXNativeTarget;
			buildConfigurationList = AC80F8F51D070FAD004CF58A /* Build configuration list for PBXNativeTarget "PinPlaceUITests" */;
			buildPhases = (
				791DFB2D354123B400182090 /* [CP] Check Pods Manifest.lock */,
				AC80F8E21D070FAD004CF58A /* Sources */,
				AC80F8E31D070FAD004CF58A /* Frameworks */,
				AC80F8E41D070FAD004CF58A /* Resources */,
				558CC5687F9E416C34C7DA6F /* [CP] Copy Pods Resources */,
			);
			buildRules = (
			);
			dependencies = (
				AC80F8E81D070FAD004CF58A /* PBXTargetDependency */,
			);
			name = PinPlaceUITests;
			productName = PinPlaceUITests;
			productReference = AC80F8E61D070FAD004CF58A /* PinPlaceUITests.xctest */;
			productType = "com.apple.product-type.bundle.ui-testing";
		};
/* End PBXNativeTarget section */

/* Begin PBXProject section */
		AC80F8BF1D070FAD004CF58A /* Project object */ = {
			isa = PBXProject;
			attributes = {
				LastSwiftUpdateCheck = 0730;
				LastUpgradeCheck = 0730;
				ORGANIZATIONNAME = Artem;
				TargetAttributes = {
					AC80F8C61D070FAD004CF58A = {
						CreatedOnToolsVersion = 7.3.1;
						DevelopmentTeam = 8GUDSMC6KR;
					};
					AC80F8DA1D070FAD004CF58A = {
						CreatedOnToolsVersion = 7.3.1;
						DevelopmentTeam = 8GUDSMC6KR;
						TestTargetID = AC80F8C61D070FAD004CF58A;
					};
					AC80F8E51D070FAD004CF58A = {
						CreatedOnToolsVersion = 7.3.1;
						DevelopmentTeam = 8GUDSMC6KR;
						TestTargetID = AC80F8C61D070FAD004CF58A;
					};
				};
			};
			buildConfigurationList = AC80F8C21D070FAD004CF58A /* Build configuration list for PBXProject "PinPlace" */;
			compatibilityVersion = "Xcode 3.2";
			developmentRegion = English;
			hasScannedForEncodings = 0;
			knownRegions = (
				en,
				Base,
			);
			mainGroup = AC80F8BE1D070FAD004CF58A;
			productRefGroup = AC80F8C81D070FAD004CF58A /* Products */;
			projectDirPath = "";
			projectRoot = "";
			targets = (
				AC80F8C61D070FAD004CF58A /* PinPlace */,
				AC80F8DA1D070FAD004CF58A /* PinPlaceTests */,
				AC80F8E51D070FAD004CF58A /* PinPlaceUITests */,
			);
		};
/* End PBXProject section */

/* Begin PBXResourcesBuildPhase section */
		AC80F8C51D070FAD004CF58A /* Resources */ = {
			isa = PBXResourcesBuildPhase;
			buildActionMask = 2147483647;
			files = (
				AC80F8D51D070FAD004CF58A /* LaunchScreen.storyboard in Resources */,
				AC80F8D21D070FAD004CF58A /* Assets.xcassets in Resources */,
				AC80F8D01D070FAD004CF58A /* Main.storyboard in Resources */,
			);
			runOnlyForDeploymentPostprocessing = 0;
		};
		AC80F8D91D070FAD004CF58A /* Resources */ = {
			isa = PBXResourcesBuildPhase;
			buildActionMask = 2147483647;
			files = (
			);
			runOnlyForDeploymentPostprocessing = 0;
		};
		AC80F8E41D070FAD004CF58A /* Resources */ = {
			isa = PBXResourcesBuildPhase;
			buildActionMask = 2147483647;
			files = (
			);
			runOnlyForDeploymentPostprocessing = 0;
		};
/* End PBXResourcesBuildPhase section */

/* Begin PBXShellScriptBuildPhase section */
		48C2A8E7E9C5DD7C94D8F8B0 /* [CP] Copy Pods Resources */ = {
			isa = PBXShellScriptBuildPhase;
			buildActionMask = 2147483647;
			files = (
			);
			inputPaths = (
			);
			name = "[CP] Copy Pods Resources";
			outputPaths = (
			);
			runOnlyForDeploymentPostprocessing = 0;
			shellPath = /bin/sh;
			shellScript = "\"${SRCROOT}/Pods/Target Support Files/Pods-PinPlaceTests/Pods-PinPlaceTests-resources.sh\"\n";
			showEnvVarsInLog = 0;
		};
		558CC5687F9E416C34C7DA6F /* [CP] Copy Pods Resources */ = {
			isa = PBXShellScriptBuildPhase;
			buildActionMask = 2147483647;
			files = (
			);
			inputPaths = (
			);
			name = "[CP] Copy Pods Resources";
			outputPaths = (
			);
			runOnlyForDeploymentPostprocessing = 0;
			shellPath = /bin/sh;
			shellScript = "\"${SRCROOT}/Pods/Target Support Files/Pods-PinPlaceUITests/Pods-PinPlaceUITests-resources.sh\"\n";
			showEnvVarsInLog = 0;
		};
		5E20103577BA2760209D6DB2 /* [CP] Check Pods Manifest.lock */ = {
			isa = PBXShellScriptBuildPhase;
			buildActionMask = 2147483647;
			files = (
			);
			inputPaths = (
			);
			name = "[CP] Check Pods Manifest.lock";
			outputPaths = (
			);
			runOnlyForDeploymentPostprocessing = 0;
			shellPath = /bin/sh;
			shellScript = "diff \"${PODS_ROOT}/../Podfile.lock\" \"${PODS_ROOT}/Manifest.lock\" > /dev/null\nif [[ $? != 0 ]] ; then\n    cat << EOM\nerror: The sandbox is not in sync with the Podfile.lock. Run 'pod install' or update your CocoaPods installation.\nEOM\n    exit 1\nfi\n";
			showEnvVarsInLog = 0;
		};
		63DEC58D83A812DC913886E1 /* [CP] Copy Pods Resources */ = {
			isa = PBXShellScriptBuildPhase;
			buildActionMask = 2147483647;
			files = (
			);
			inputPaths = (
			);
			name = "[CP] Copy Pods Resources";
			outputPaths = (
			);
			runOnlyForDeploymentPostprocessing = 0;
			shellPath = /bin/sh;
			shellScript = "\"${SRCROOT}/Pods/Target Support Files/Pods-PinPlace/Pods-PinPlace-resources.sh\"\n";
			showEnvVarsInLog = 0;
		};
		791DFB2D354123B400182090 /* [CP] Check Pods Manifest.lock */ = {
			isa = PBXShellScriptBuildPhase;
			buildActionMask = 2147483647;
			files = (
			);
			inputPaths = (
			);
			name = "[CP] Check Pods Manifest.lock";
			outputPaths = (
			);
			runOnlyForDeploymentPostprocessing = 0;
			shellPath = /bin/sh;
			shellScript = "diff \"${PODS_ROOT}/../Podfile.lock\" \"${PODS_ROOT}/Manifest.lock\" > /dev/null\nif [[ $? != 0 ]] ; then\n    cat << EOM\nerror: The sandbox is not in sync with the Podfile.lock. Run 'pod install' or update your CocoaPods installation.\nEOM\n    exit 1\nfi\n";
			showEnvVarsInLog = 0;
		};
		9302E440F1B07305DE8909B2 /* [CP] Embed Pods Frameworks */ = {
			isa = PBXShellScriptBuildPhase;
			buildActionMask = 2147483647;
			files = (
			);
			inputPaths = (
			);
			name = "[CP] Embed Pods Frameworks";
			outputPaths = (
			);
			runOnlyForDeploymentPostprocessing = 0;
			shellPath = /bin/sh;
			shellScript = "\"${SRCROOT}/Pods/Target Support Files/Pods-PinPlace/Pods-PinPlace-frameworks.sh\"\n";
			showEnvVarsInLog = 0;
		};
		9438F3EDF278D5E0DB4B9CE8 /* [CP] Check Pods Manifest.lock */ = {
			isa = PBXShellScriptBuildPhase;
			buildActionMask = 2147483647;
			files = (
			);
			inputPaths = (
			);
			name = "[CP] Check Pods Manifest.lock";
			outputPaths = (
			);
			runOnlyForDeploymentPostprocessing = 0;
			shellPath = /bin/sh;
			shellScript = "diff \"${PODS_ROOT}/../Podfile.lock\" \"${PODS_ROOT}/Manifest.lock\" > /dev/null\nif [[ $? != 0 ]] ; then\n    cat << EOM\nerror: The sandbox is not in sync with the Podfile.lock. Run 'pod install' or update your CocoaPods installation.\nEOM\n    exit 1\nfi\n";
			showEnvVarsInLog = 0;
		};
		F94BD3590A85636A7A4B73D7 /* [CP] Embed Pods Frameworks */ = {
			isa = PBXShellScriptBuildPhase;
			buildActionMask = 2147483647;
			files = (
			);
			inputPaths = (
			);
			name = "[CP] Embed Pods Frameworks";
			outputPaths = (
			);
			runOnlyForDeploymentPostprocessing = 0;
			shellPath = /bin/sh;
			shellScript = "\"${SRCROOT}/Pods/Target Support Files/Pods-PinPlaceTests/Pods-PinPlaceTests-frameworks.sh\"\n";
			showEnvVarsInLog = 0;
		};
/* End PBXShellScriptBuildPhase section */

/* Begin PBXSourcesBuildPhase section */
		AC80F8C31D070FAD004CF58A /* Sources */ = {
			isa = PBXSourcesBuildPhase;
			buildActionMask = 2147483647;
			files = (
				AC80F9031D071B87004CF58A /* Place.swift in Sources */,
				AC80F9121D08103C004CF58A /* PlacesDataController.swift in Sources */,
				AC80F9061D0735D3004CF58A /* PlacesMapViewController.swift in Sources */,
				AC80F8CB1D070FAD004CF58A /* AppDelegate.swift in Sources */,
				AC80F90E1D074343004CF58A /* PlacesMapViewModel.swift in Sources */,
				AC80F8FE1D071A1D004CF58A /* PinPlace.xcdatamodeld in Sources */,
				AC80F9041D071B87004CF58A /* _Place.swift in Sources */,
			);
			runOnlyForDeploymentPostprocessing = 0;
		};
		AC80F8D71D070FAD004CF58A /* Sources */ = {
			isa = PBXSourcesBuildPhase;
			buildActionMask = 2147483647;
			files = (
				AC80F8E01D070FAD004CF58A /* PinPlaceTests.swift in Sources */,
			);
			runOnlyForDeploymentPostprocessing = 0;
		};
		AC80F8E21D070FAD004CF58A /* Sources */ = {
			isa = PBXSourcesBuildPhase;
			buildActionMask = 2147483647;
			files = (
				AC80F8EB1D070FAD004CF58A /* PinPlaceUITests.swift in Sources */,
			);
			runOnlyForDeploymentPostprocessing = 0;
		};
/* End PBXSourcesBuildPhase section */

/* Begin PBXTargetDependency section */
		AC80F8DD1D070FAD004CF58A /* PBXTargetDependency */ = {
			isa = PBXTargetDependency;
			target = AC80F8C61D070FAD004CF58A /* PinPlace */;
			targetProxy = AC80F8DC1D070FAD004CF58A /* PBXContainerItemProxy */;
		};
		AC80F8E81D070FAD004CF58A /* PBXTargetDependency */ = {
			isa = PBXTargetDependency;
			target = AC80F8C61D070FAD004CF58A /* PinPlace */;
			targetProxy = AC80F8E71D070FAD004CF58A /* PBXContainerItemProxy */;
		};
/* End PBXTargetDependency section */

/* Begin PBXVariantGroup section */
		AC80F8CE1D070FAD004CF58A /* Main.storyboard */ = {
			isa = PBXVariantGroup;
			children = (
				AC80F8CF1D070FAD004CF58A /* Base */,
			);
			name = Main.storyboard;
			sourceTree = "<group>";
		};
		AC80F8D31D070FAD004CF58A /* LaunchScreen.storyboard */ = {
			isa = PBXVariantGroup;
			children = (
				AC80F8D41D070FAD004CF58A /* Base */,
			);
			name = LaunchScreen.storyboard;
			sourceTree = "<group>";
		};
/* End PBXVariantGroup section */

/* Begin XCBuildConfiguration section */
		AC80F8ED1D070FAD004CF58A /* Debug */ = {
			isa = XCBuildConfiguration;
			buildSettings = {
				ALWAYS_SEARCH_USER_PATHS = NO;
				CLANG_ANALYZER_NONNULL = YES;
				CLANG_CXX_LANGUAGE_STANDARD = "gnu++0x";
				CLANG_CXX_LIBRARY = "libc++";
				CLANG_ENABLE_MODULES = YES;
				CLANG_ENABLE_OBJC_ARC = YES;
				CLANG_WARN_BOOL_CONVERSION = YES;
				CLANG_WARN_CONSTANT_CONVERSION = YES;
				CLANG_WARN_DIRECT_OBJC_ISA_USAGE = YES_ERROR;
				CLANG_WARN_EMPTY_BODY = YES;
				CLANG_WARN_ENUM_CONVERSION = YES;
				CLANG_WARN_INT_CONVERSION = YES;
				CLANG_WARN_OBJC_ROOT_CLASS = YES_ERROR;
				CLANG_WARN_UNREACHABLE_CODE = YES;
				CLANG_WARN__DUPLICATE_METHOD_MATCH = YES;
				"CODE_SIGN_IDENTITY[sdk=iphoneos*]" = "iPhone Developer";
				COPY_PHASE_STRIP = NO;
				DEBUG_INFORMATION_FORMAT = dwarf;
				ENABLE_STRICT_OBJC_MSGSEND = YES;
				ENABLE_TESTABILITY = YES;
				GCC_C_LANGUAGE_STANDARD = gnu99;
				GCC_DYNAMIC_NO_PIC = NO;
				GCC_NO_COMMON_BLOCKS = YES;
				GCC_OPTIMIZATION_LEVEL = 0;
				GCC_PREPROCESSOR_DEFINITIONS = (
					"DEBUG=1",
					"$(inherited)",
				);
				GCC_WARN_64_TO_32_BIT_CONVERSION = YES;
				GCC_WARN_ABOUT_RETURN_TYPE = YES_ERROR;
				GCC_WARN_UNDECLARED_SELECTOR = YES;
				GCC_WARN_UNINITIALIZED_AUTOS = YES_AGGRESSIVE;
				GCC_WARN_UNUSED_FUNCTION = YES;
				GCC_WARN_UNUSED_VARIABLE = YES;
				IPHONEOS_DEPLOYMENT_TARGET = 9.3;
				MTL_ENABLE_DEBUG_INFO = YES;
				ONLY_ACTIVE_ARCH = YES;
				SDKROOT = iphoneos;
				SWIFT_OPTIMIZATION_LEVEL = "-Onone";
				TARGETED_DEVICE_FAMILY = "1,2";
			};
			name = Debug;
		};
		AC80F8EE1D070FAD004CF58A /* Release */ = {
			isa = XCBuildConfiguration;
			buildSettings = {
				ALWAYS_SEARCH_USER_PATHS = NO;
				CLANG_ANALYZER_NONNULL = YES;
				CLANG_CXX_LANGUAGE_STANDARD = "gnu++0x";
				CLANG_CXX_LIBRARY = "libc++";
				CLANG_ENABLE_MODULES = YES;
				CLANG_ENABLE_OBJC_ARC = YES;
				CLANG_WARN_BOOL_CONVERSION = YES;
				CLANG_WARN_CONSTANT_CONVERSION = YES;
				CLANG_WARN_DIRECT_OBJC_ISA_USAGE = YES_ERROR;
				CLANG_WARN_EMPTY_BODY = YES;
				CLANG_WARN_ENUM_CONVERSION = YES;
				CLANG_WARN_INT_CONVERSION = YES;
				CLANG_WARN_OBJC_ROOT_CLASS = YES_ERROR;
				CLANG_WARN_UNREACHABLE_CODE = YES;
				CLANG_WARN__DUPLICATE_METHOD_MATCH = YES;
				"CODE_SIGN_IDENTITY[sdk=iphoneos*]" = "iPhone Developer";
				COPY_PHASE_STRIP = NO;
				DEBUG_INFORMATION_FORMAT = "dwarf-with-dsym";
				ENABLE_NS_ASSERTIONS = NO;
				ENABLE_STRICT_OBJC_MSGSEND = YES;
				GCC_C_LANGUAGE_STANDARD = gnu99;
				GCC_NO_COMMON_BLOCKS = YES;
				GCC_WARN_64_TO_32_BIT_CONVERSION = YES;
				GCC_WARN_ABOUT_RETURN_TYPE = YES_ERROR;
				GCC_WARN_UNDECLARED_SELECTOR = YES;
				GCC_WARN_UNINITIALIZED_AUTOS = YES_AGGRESSIVE;
				GCC_WARN_UNUSED_FUNCTION = YES;
				GCC_WARN_UNUSED_VARIABLE = YES;
				IPHONEOS_DEPLOYMENT_TARGET = 9.3;
				MTL_ENABLE_DEBUG_INFO = NO;
				SDKROOT = iphoneos;
				TARGETED_DEVICE_FAMILY = "1,2";
				VALIDATE_PRODUCT = YES;
			};
			name = Release;
		};
		AC80F8F01D070FAD004CF58A /* Debug */ = {
			isa = XCBuildConfiguration;
			baseConfigurationReference = 3F678259541D4605B8EA0B34 /* Pods-PinPlace.debug.xcconfig */;
			buildSettings = {
				ASSETCATALOG_COMPILER_APPICON_NAME = AppIcon;
				INFOPLIST_FILE = PinPlace/Info.plist;
				IPHONEOS_DEPLOYMENT_TARGET = 9.1;
				LD_RUNPATH_SEARCH_PATHS = "$(inherited) @executable_path/Frameworks";
				PRODUCT_BUNDLE_IDENTIFIER = com.artemkalinovsky.PinPlace;
				PRODUCT_NAME = "$(TARGET_NAME)";
			};
			name = Debug;
		};
		AC80F8F11D070FAD004CF58A /* Release */ = {
			isa = XCBuildConfiguration;
			baseConfigurationReference = C5FF54FC18F352523C071B7B /* Pods-PinPlace.release.xcconfig */;
			buildSettings = {
				ASSETCATALOG_COMPILER_APPICON_NAME = AppIcon;
				INFOPLIST_FILE = PinPlace/Info.plist;
				IPHONEOS_DEPLOYMENT_TARGET = 9.1;
				LD_RUNPATH_SEARCH_PATHS = "$(inherited) @executable_path/Frameworks";
				PRODUCT_BUNDLE_IDENTIFIER = com.artemkalinovsky.PinPlace;
				PRODUCT_NAME = "$(TARGET_NAME)";
			};
			name = Release;
		};
		AC80F8F31D070FAD004CF58A /* Debug */ = {
			isa = XCBuildConfiguration;
			baseConfigurationReference = 18CB7FF14A8AE9B9D21BA703 /* Pods-PinPlaceTests.debug.xcconfig */;
			buildSettings = {
				BUNDLE_LOADER = "$(TEST_HOST)";
				INFOPLIST_FILE = PinPlaceTests/Info.plist;
				LD_RUNPATH_SEARCH_PATHS = "$(inherited) @executable_path/Frameworks @loader_path/Frameworks";
				PRODUCT_BUNDLE_IDENTIFIER = com.artemkalinovsky.PinPlaceTests;
				PRODUCT_NAME = "$(TARGET_NAME)";
				TEST_HOST = "$(BUILT_PRODUCTS_DIR)/PinPlace.app/PinPlace";
			};
			name = Debug;
		};
		AC80F8F41D070FAD004CF58A /* Release */ = {
			isa = XCBuildConfiguration;
			baseConfigurationReference = 6F2507D1E84374F1E0DC5B99 /* Pods-PinPlaceTests.release.xcconfig */;
			buildSettings = {
				BUNDLE_LOADER = "$(TEST_HOST)";
				INFOPLIST_FILE = PinPlaceTests/Info.plist;
				LD_RUNPATH_SEARCH_PATHS = "$(inherited) @executable_path/Frameworks @loader_path/Frameworks";
				PRODUCT_BUNDLE_IDENTIFIER = com.artemkalinovsky.PinPlaceTests;
				PRODUCT_NAME = "$(TARGET_NAME)";
				TEST_HOST = "$(BUILT_PRODUCTS_DIR)/PinPlace.app/PinPlace";
			};
			name = Release;
		};
		AC80F8F61D070FAD004CF58A /* Debug */ = {
			isa = XCBuildConfiguration;
			baseConfigurationReference = C06226618C0DEDFDAE85A811 /* Pods-PinPlaceUITests.debug.xcconfig */;
			buildSettings = {
				INFOPLIST_FILE = PinPlaceUITests/Info.plist;
				LD_RUNPATH_SEARCH_PATHS = "$(inherited) @executable_path/Frameworks @loader_path/Frameworks";
				PRODUCT_BUNDLE_IDENTIFIER = com.artemkalinovsky.PinPlaceUITests;
				PRODUCT_NAME = "$(TARGET_NAME)";
				TEST_TARGET_NAME = PinPlace;
			};
			name = Debug;
		};
		AC80F8F71D070FAD004CF58A /* Release */ = {
			isa = XCBuildConfiguration;
			baseConfigurationReference = 8EF5ED12A2697CC255A9FA6D /* Pods-PinPlaceUITests.release.xcconfig */;
			buildSettings = {
				INFOPLIST_FILE = PinPlaceUITests/Info.plist;
				LD_RUNPATH_SEARCH_PATHS = "$(inherited) @executable_path/Frameworks @loader_path/Frameworks";
				PRODUCT_BUNDLE_IDENTIFIER = com.artemkalinovsky.PinPlaceUITests;
				PRODUCT_NAME = "$(TARGET_NAME)";
				TEST_TARGET_NAME = PinPlace;
			};
			name = Release;
		};
/* End XCBuildConfiguration section */

/* Begin XCConfigurationList section */
		AC80F8C21D070FAD004CF58A /* Build configuration list for PBXProject "PinPlace" */ = {
			isa = XCConfigurationList;
			buildConfigurations = (
				AC80F8ED1D070FAD004CF58A /* Debug */,
				AC80F8EE1D070FAD004CF58A /* Release */,
			);
			defaultConfigurationIsVisible = 0;
			defaultConfigurationName = Release;
		};
		AC80F8EF1D070FAD004CF58A /* Build configuration list for PBXNativeTarget "PinPlace" */ = {
			isa = XCConfigurationList;
			buildConfigurations = (
				AC80F8F01D070FAD004CF58A /* Debug */,
				AC80F8F11D070FAD004CF58A /* Release */,
			);
			defaultConfigurationIsVisible = 0;
			defaultConfigurationName = Release;
		};
		AC80F8F21D070FAD004CF58A /* Build configuration list for PBXNativeTarget "PinPlaceTests" */ = {
			isa = XCConfigurationList;
			buildConfigurations = (
				AC80F8F31D070FAD004CF58A /* Debug */,
				AC80F8F41D070FAD004CF58A /* Release */,
			);
			defaultConfigurationIsVisible = 0;
			defaultConfigurationName = Release;
		};
		AC80F8F51D070FAD004CF58A /* Build configuration list for PBXNativeTarget "PinPlaceUITests" */ = {
			isa = XCConfigurationList;
			buildConfigurations = (
				AC80F8F61D070FAD004CF58A /* Debug */,
				AC80F8F71D070FAD004CF58A /* Release */,
			);
			defaultConfigurationIsVisible = 0;
			defaultConfigurationName = Release;
		};
/* End XCConfigurationList section */

/* Begin XCVersionGroup section */
		AC80F8FC1D071A1D004CF58A /* PinPlace.xcdatamodeld */ = {
			isa = XCVersionGroup;
			children = (
				AC80F8FD1D071A1D004CF58A /* PinPlace.xcdatamodel */,
			);
			currentVersion = AC80F8FD1D071A1D004CF58A /* PinPlace.xcdatamodel */;
			path = PinPlace.xcdatamodeld;
			sourceTree = "<group>";
			versionGroupType = wrapper.xcdatamodel;
		};
/* End XCVersionGroup section */
	};
	rootObject = AC80F8BF1D070FAD004CF58A /* Project object */;
}
